
Microsoft Visual Studio Solution File, Format Version 12.00
# Visual Studio Version 17
VisualStudioVersion = 17.8.34408.163
MinimumVisualStudioVersion = 10.0.40219.1
Project("{FAE04EC0-301F-11D3-BF4B-00C04F79EFBC}") = "C#Practice 1", "C#Practice 1\C#Practice 1.csproj", "{7837E9F1-2078-48E9-A59A-39C869FF3BB7}"
EndProject
Global
	GlobalSection(SolutionConfigurationPlatforms) = preSolution
		Debug|Any CPU = Debug|Any CPU
		Release|Any CPU = Release|Any CPU
	EndGlobalSection
	GlobalSection(ProjectConfigurationPlatforms) = postSolution
		{7837E9F1-2078-48E9-A59A-39C869FF3BB7}.Debug|Any CPU.ActiveCfg = Debug|Any CPU
		{7837E9F1-2078-48E9-A59A-39C869FF3BB7}.Debug|Any CPU.Build.0 = Debug|Any CPU
		{7837E9F1-2078-48E9-A59A-39C869FF3BB7}.Release|Any CPU.ActiveCfg = Release|Any CPU
		{7837E9F1-2078-48E9-A59A-39C869FF3BB7}.Release|Any CPU.Build.0 = Release|Any CPU
	EndGlobalSection
	GlobalSection(SolutionProperties) = preSolution
		HideSolutionNode = FALSE
	EndGlobalSection
	GlobalSection(ExtensibilityGlobals) = postSolution
		SolutionGuid = {8AFEC2CC-178D-4668-B3F9-C6EBAE85493F}
	EndGlobalSection
EndGlobal
